
Microsoft Visual Studio Solution File, Format Version 12.00
# Visual Studio Version 16
VisualStudioVersion = 16.0.33927.289
MinimumVisualStudioVersion = 10.0.40219.1
Project("{FAE04EC0-301F-11D3-BF4B-00C04F79EFBC}") = "A+B-5", "A+B-5\A+B-5.csproj", "{505AE1DC-B845-441B-8441-0CA64B7506F1}"
EndProject
Global
	GlobalSection(SolutionConfigurationPlatforms) = preSolution
		Debug|Any CPU = Debug|Any CPU
		Release|Any CPU = Release|Any CPU
	EndGlobalSection
	GlobalSection(ProjectConfigurationPlatforms) = postSolution
		{505AE1DC-B845-441B-8441-0CA64B7506F1}.Debug|Any CPU.ActiveCfg = Debug|Any CPU
		{505AE1DC-B845-441B-8441-0CA64B7506F1}.Debug|Any CPU.Build.0 = Debug|Any CPU
		{505AE1DC-B845-441B-8441-0CA64B7506F1}.Release|Any CPU.ActiveCfg = Release|Any CPU
		{505AE1DC-B845-441B-8441-0CA64B7506F1}.Release|Any CPU.Build.0 = Release|Any CPU
	EndGlobalSection
	GlobalSection(SolutionProperties) = preSolution
		HideSolutionNode = FALSE
	EndGlobalSection
	GlobalSection(ExtensibilityGlobals) = postSolution
		SolutionGuid = {D464FBE2-BAF5-46F4-AACB-0D0C8271119A}
	EndGlobalSection
EndGlobal
