
Microsoft Visual Studio Solution File, Format Version 12.00
# Visual Studio Version 16
VisualStudioVersion = 16.0.34601.136
MinimumVisualStudioVersion = 10.0.40219.1
Project("{FAE04EC0-301F-11D3-BF4B-00C04F79EFBC}") = "CardGame", "CardGame\CardGame.csproj", "{0511AE11-7A5C-44CB-87CA-ABE6A4853C6E}"
EndProject
Global
	GlobalSection(SolutionConfigurationPlatforms) = preSolution
		Debug|Any CPU = Debug|Any CPU
		Release|Any CPU = Release|Any CPU
	EndGlobalSection
	GlobalSection(ProjectConfigurationPlatforms) = postSolution
		{0511AE11-7A5C-44CB-87CA-ABE6A4853C6E}.Debug|Any CPU.ActiveCfg = Debug|Any CPU
		{0511AE11-7A5C-44CB-87CA-ABE6A4853C6E}.Debug|Any CPU.Build.0 = Debug|Any CPU
		{0511AE11-7A5C-44CB-87CA-ABE6A4853C6E}.Release|Any CPU.ActiveCfg = Release|Any CPU
		{0511AE11-7A5C-44CB-87CA-ABE6A4853C6E}.Release|Any CPU.Build.0 = Release|Any CPU
	EndGlobalSection
	GlobalSection(SolutionProperties) = preSolution
		HideSolutionNode = FALSE
	EndGlobalSection
	GlobalSection(ExtensibilityGlobals) = postSolution
		SolutionGuid = {453FF72B-594E-48CB-BBE1-F7BE80F79FBC}
	EndGlobalSection
EndGlobal
