
Microsoft Visual Studio Solution File, Format Version 12.00
# Visual Studio Version 16
VisualStudioVersion = 16.0.34601.136
MinimumVisualStudioVersion = 10.0.40219.1
Project("{FAE04EC0-301F-11D3-BF4B-00C04F79EFBC}") = "Mathematics", "Mathematics\Mathematics.csproj", "{B58B8D3A-AA5A-4D8E-AD50-49572D26B16F}"
EndProject
Global
	GlobalSection(SolutionConfigurationPlatforms) = preSolution
		Debug|Any CPU = Debug|Any CPU
		Release|Any CPU = Release|Any CPU
	EndGlobalSection
	GlobalSection(ProjectConfigurationPlatforms) = postSolution
		{B58B8D3A-AA5A-4D8E-AD50-49572D26B16F}.Debug|Any CPU.ActiveCfg = Debug|Any CPU
		{B58B8D3A-AA5A-4D8E-AD50-49572D26B16F}.Debug|Any CPU.Build.0 = Debug|Any CPU
		{B58B8D3A-AA5A-4D8E-AD50-49572D26B16F}.Release|Any CPU.ActiveCfg = Release|Any CPU
		{B58B8D3A-AA5A-4D8E-AD50-49572D26B16F}.Release|Any CPU.Build.0 = Release|Any CPU
	EndGlobalSection
	GlobalSection(SolutionProperties) = preSolution
		HideSolutionNode = FALSE
	EndGlobalSection
	GlobalSection(ExtensibilityGlobals) = postSolution
		SolutionGuid = {1D0B63D6-123E-4CDF-9CDC-68E50179BA95}
	EndGlobalSection
EndGlobal
