
Microsoft Visual Studio Solution File, Format Version 12.00
# Visual Studio Version 16
VisualStudioVersion = 16.0.34601.136
MinimumVisualStudioVersion = 10.0.40219.1
Project("{FAE04EC0-301F-11D3-BF4B-00C04F79EFBC}") = "AddingTrouble", "AddingTrouble\AddingTrouble.csproj", "{65D8A502-30B5-429E-AE32-83956DF58684}"
EndProject
Global
	GlobalSection(SolutionConfigurationPlatforms) = preSolution
		Debug|Any CPU = Debug|Any CPU
		Release|Any CPU = Release|Any CPU
	EndGlobalSection
	GlobalSection(ProjectConfigurationPlatforms) = postSolution
		{65D8A502-30B5-429E-AE32-83956DF58684}.Debug|Any CPU.ActiveCfg = Debug|Any CPU
		{65D8A502-30B5-429E-AE32-83956DF58684}.Debug|Any CPU.Build.0 = Debug|Any CPU
		{65D8A502-30B5-429E-AE32-83956DF58684}.Release|Any CPU.ActiveCfg = Release|Any CPU
		{65D8A502-30B5-429E-AE32-83956DF58684}.Release|Any CPU.Build.0 = Release|Any CPU
	EndGlobalSection
	GlobalSection(SolutionProperties) = preSolution
		HideSolutionNode = FALSE
	EndGlobalSection
	GlobalSection(ExtensibilityGlobals) = postSolution
		SolutionGuid = {28723835-BAB5-4CE9-8D6A-5A0104C3E9CE}
	EndGlobalSection
EndGlobal
