
Microsoft Visual Studio Solution File, Format Version 12.00
# Visual Studio Version 16
VisualStudioVersion = 16.0.34601.136
MinimumVisualStudioVersion = 10.0.40219.1
Project("{FAE04EC0-301F-11D3-BF4B-00C04F79EFBC}") = "PerformAlgorithm1", "PerformAlgorithm1\PerformAlgorithm1.csproj", "{0BCE2A8E-D5E6-409C-8317-29BEC7FBB13F}"
EndProject
Global
	GlobalSection(SolutionConfigurationPlatforms) = preSolution
		Debug|Any CPU = Debug|Any CPU
		Release|Any CPU = Release|Any CPU
	EndGlobalSection
	GlobalSection(ProjectConfigurationPlatforms) = postSolution
		{0BCE2A8E-D5E6-409C-8317-29BEC7FBB13F}.Debug|Any CPU.ActiveCfg = Debug|Any CPU
		{0BCE2A8E-D5E6-409C-8317-29BEC7FBB13F}.Debug|Any CPU.Build.0 = Debug|Any CPU
		{0BCE2A8E-D5E6-409C-8317-29BEC7FBB13F}.Release|Any CPU.ActiveCfg = Release|Any CPU
		{0BCE2A8E-D5E6-409C-8317-29BEC7FBB13F}.Release|Any CPU.Build.0 = Release|Any CPU
	EndGlobalSection
	GlobalSection(SolutionProperties) = preSolution
		HideSolutionNode = FALSE
	EndGlobalSection
	GlobalSection(ExtensibilityGlobals) = postSolution
		SolutionGuid = {05C89410-A395-4A82-964B-8665BBC3CDD4}
	EndGlobalSection
EndGlobal
