
Microsoft Visual Studio Solution File, Format Version 12.00
# Visual Studio Version 17
VisualStudioVersion = 17.10.35122.118
MinimumVisualStudioVersion = 10.0.40219.1
Project("{FAE04EC0-301F-11D3-BF4B-00C04F79EFBC}") = "Fly", "Fly\Fly.csproj", "{D9786A12-F134-4CFD-8C84-FA6D9B8FCF82}"
EndProject
Global
	GlobalSection(SolutionConfigurationPlatforms) = preSolution
		Debug|Any CPU = Debug|Any CPU
		Release|Any CPU = Release|Any CPU
	EndGlobalSection
	GlobalSection(ProjectConfigurationPlatforms) = postSolution
		{D9786A12-F134-4CFD-8C84-FA6D9B8FCF82}.Debug|Any CPU.ActiveCfg = Debug|Any CPU
		{D9786A12-F134-4CFD-8C84-FA6D9B8FCF82}.Debug|Any CPU.Build.0 = Debug|Any CPU
		{D9786A12-F134-4CFD-8C84-FA6D9B8FCF82}.Release|Any CPU.ActiveCfg = Release|Any CPU
		{D9786A12-F134-4CFD-8C84-FA6D9B8FCF82}.Release|Any CPU.Build.0 = Release|Any CPU
	EndGlobalSection
	GlobalSection(SolutionProperties) = preSolution
		HideSolutionNode = FALSE
	EndGlobalSection
	GlobalSection(ExtensibilityGlobals) = postSolution
		SolutionGuid = {99BA7670-ADC3-40F3-850C-3898B7439EDB}
	EndGlobalSection
EndGlobal
