
Microsoft Visual Studio Solution File, Format Version 12.00
# Visual Studio Version 16
VisualStudioVersion = 16.0.34601.136
MinimumVisualStudioVersion = 10.0.40219.1
Project("{FAE04EC0-301F-11D3-BF4B-00C04F79EFBC}") = "HongJun", "HongJun\HongJun.csproj", "{ECECB5CA-1EFD-4F43-8AD3-761B499269E4}"
EndProject
Global
	GlobalSection(SolutionConfigurationPlatforms) = preSolution
		Debug|Any CPU = Debug|Any CPU
		Release|Any CPU = Release|Any CPU
	EndGlobalSection
	GlobalSection(ProjectConfigurationPlatforms) = postSolution
		{ECECB5CA-1EFD-4F43-8AD3-761B499269E4}.Debug|Any CPU.ActiveCfg = Debug|Any CPU
		{ECECB5CA-1EFD-4F43-8AD3-761B499269E4}.Debug|Any CPU.Build.0 = Debug|Any CPU
		{ECECB5CA-1EFD-4F43-8AD3-761B499269E4}.Release|Any CPU.ActiveCfg = Release|Any CPU
		{ECECB5CA-1EFD-4F43-8AD3-761B499269E4}.Release|Any CPU.Build.0 = Release|Any CPU
	EndGlobalSection
	GlobalSection(SolutionProperties) = preSolution
		HideSolutionNode = FALSE
	EndGlobalSection
	GlobalSection(ExtensibilityGlobals) = postSolution
		SolutionGuid = {4164C9AF-F4E2-4D39-B753-3FAC28E9CBE9}
	EndGlobalSection
EndGlobal
