
Microsoft Visual Studio Solution File, Format Version 12.00
# Visual Studio Version 16
VisualStudioVersion = 16.0.34601.136
MinimumVisualStudioVersion = 10.0.40219.1
Project("{FAE04EC0-301F-11D3-BF4B-00C04F79EFBC}") = "BigIntA+B", "BigIntA+B\BigIntA+B.csproj", "{AF05794D-37FA-44F9-914D-CA82437B9A03}"
EndProject
Global
	GlobalSection(SolutionConfigurationPlatforms) = preSolution
		Debug|Any CPU = Debug|Any CPU
		Release|Any CPU = Release|Any CPU
	EndGlobalSection
	GlobalSection(ProjectConfigurationPlatforms) = postSolution
		{AF05794D-37FA-44F9-914D-CA82437B9A03}.Debug|Any CPU.ActiveCfg = Debug|Any CPU
		{AF05794D-37FA-44F9-914D-CA82437B9A03}.Debug|Any CPU.Build.0 = Debug|Any CPU
		{AF05794D-37FA-44F9-914D-CA82437B9A03}.Release|Any CPU.ActiveCfg = Release|Any CPU
		{AF05794D-37FA-44F9-914D-CA82437B9A03}.Release|Any CPU.Build.0 = Release|Any CPU
	EndGlobalSection
	GlobalSection(SolutionProperties) = preSolution
		HideSolutionNode = FALSE
	EndGlobalSection
	GlobalSection(ExtensibilityGlobals) = postSolution
		SolutionGuid = {39F05724-21D3-44DC-B14D-459B36BA376A}
	EndGlobalSection
EndGlobal
