
Microsoft Visual Studio Solution File, Format Version 12.00
# Visual Studio Version 17
VisualStudioVersion = 17.10.35122.118
MinimumVisualStudioVersion = 10.0.40219.1
Project("{FAE04EC0-301F-11D3-BF4B-00C04F79EFBC}") = "10BuJe", "10BuJe\10BuJe.csproj", "{37737CE9-176F-40D7-8442-191422784D81}"
EndProject
Global
	GlobalSection(SolutionConfigurationPlatforms) = preSolution
		Debug|Any CPU = Debug|Any CPU
		Release|Any CPU = Release|Any CPU
	EndGlobalSection
	GlobalSection(ProjectConfigurationPlatforms) = postSolution
		{37737CE9-176F-40D7-8442-191422784D81}.Debug|Any CPU.ActiveCfg = Debug|Any CPU
		{37737CE9-176F-40D7-8442-191422784D81}.Debug|Any CPU.Build.0 = Debug|Any CPU
		{37737CE9-176F-40D7-8442-191422784D81}.Release|Any CPU.ActiveCfg = Release|Any CPU
		{37737CE9-176F-40D7-8442-191422784D81}.Release|Any CPU.Build.0 = Release|Any CPU
	EndGlobalSection
	GlobalSection(SolutionProperties) = preSolution
		HideSolutionNode = FALSE
	EndGlobalSection
	GlobalSection(ExtensibilityGlobals) = postSolution
		SolutionGuid = {F7E64113-E37D-4121-B03B-9ECFF664829E}
	EndGlobalSection
EndGlobal
