
Microsoft Visual Studio Solution File, Format Version 12.00
# Visual Studio Version 16
VisualStudioVersion = 16.0.34601.136
MinimumVisualStudioVersion = 10.0.40219.1
Project("{FAE04EC0-301F-11D3-BF4B-00C04F79EFBC}") = "GnomeSequencing", "GnomeSequencing\GnomeSequencing.csproj", "{8AAED45D-0A53-4B1F-A22A-5E1847E88C26}"
EndProject
Global
	GlobalSection(SolutionConfigurationPlatforms) = preSolution
		Debug|Any CPU = Debug|Any CPU
		Release|Any CPU = Release|Any CPU
	EndGlobalSection
	GlobalSection(ProjectConfigurationPlatforms) = postSolution
		{8AAED45D-0A53-4B1F-A22A-5E1847E88C26}.Debug|Any CPU.ActiveCfg = Debug|Any CPU
		{8AAED45D-0A53-4B1F-A22A-5E1847E88C26}.Debug|Any CPU.Build.0 = Debug|Any CPU
		{8AAED45D-0A53-4B1F-A22A-5E1847E88C26}.Release|Any CPU.ActiveCfg = Release|Any CPU
		{8AAED45D-0A53-4B1F-A22A-5E1847E88C26}.Release|Any CPU.Build.0 = Release|Any CPU
	EndGlobalSection
	GlobalSection(SolutionProperties) = preSolution
		HideSolutionNode = FALSE
	EndGlobalSection
	GlobalSection(ExtensibilityGlobals) = postSolution
		SolutionGuid = {2493E4B2-8267-43A8-A91F-BBE75DE39A0E}
	EndGlobalSection
EndGlobal
