
Microsoft Visual Studio Solution File, Format Version 12.00
# Visual Studio Version 16
VisualStudioVersion = 16.0.34601.136
MinimumVisualStudioVersion = 10.0.40219.1
Project("{FAE04EC0-301F-11D3-BF4B-00C04F79EFBC}") = "const", "const\const.csproj", "{DFCA6E45-EAC9-45AB-B312-6CBB35597C51}"
EndProject
Global
	GlobalSection(SolutionConfigurationPlatforms) = preSolution
		Debug|Any CPU = Debug|Any CPU
		Release|Any CPU = Release|Any CPU
	EndGlobalSection
	GlobalSection(ProjectConfigurationPlatforms) = postSolution
		{DFCA6E45-EAC9-45AB-B312-6CBB35597C51}.Debug|Any CPU.ActiveCfg = Debug|Any CPU
		{DFCA6E45-EAC9-45AB-B312-6CBB35597C51}.Debug|Any CPU.Build.0 = Debug|Any CPU
		{DFCA6E45-EAC9-45AB-B312-6CBB35597C51}.Release|Any CPU.ActiveCfg = Release|Any CPU
		{DFCA6E45-EAC9-45AB-B312-6CBB35597C51}.Release|Any CPU.Build.0 = Release|Any CPU
	EndGlobalSection
	GlobalSection(SolutionProperties) = preSolution
		HideSolutionNode = FALSE
	EndGlobalSection
	GlobalSection(ExtensibilityGlobals) = postSolution
		SolutionGuid = {511B692D-5267-4F37-9390-D1B0692C26C8}
	EndGlobalSection
EndGlobal
