
Microsoft Visual Studio Solution File, Format Version 12.00
# Visual Studio Version 16
VisualStudioVersion = 16.0.34407.143
MinimumVisualStudioVersion = 10.0.40219.1
Project("{FAE04EC0-301F-11D3-BF4B-00C04F79EFBC}") = "Deque", "Deque\Deque.csproj", "{2E2B0BFC-1CC2-42E7-A67C-371A0A3FEFDA}"
EndProject
Global
	GlobalSection(SolutionConfigurationPlatforms) = preSolution
		Debug|Any CPU = Debug|Any CPU
		Release|Any CPU = Release|Any CPU
	EndGlobalSection
	GlobalSection(ProjectConfigurationPlatforms) = postSolution
		{2E2B0BFC-1CC2-42E7-A67C-371A0A3FEFDA}.Debug|Any CPU.ActiveCfg = Debug|Any CPU
		{2E2B0BFC-1CC2-42E7-A67C-371A0A3FEFDA}.Debug|Any CPU.Build.0 = Debug|Any CPU
		{2E2B0BFC-1CC2-42E7-A67C-371A0A3FEFDA}.Release|Any CPU.ActiveCfg = Release|Any CPU
		{2E2B0BFC-1CC2-42E7-A67C-371A0A3FEFDA}.Release|Any CPU.Build.0 = Release|Any CPU
	EndGlobalSection
	GlobalSection(SolutionProperties) = preSolution
		HideSolutionNode = FALSE
	EndGlobalSection
	GlobalSection(ExtensibilityGlobals) = postSolution
		SolutionGuid = {FE1444B2-6C17-49BD-83C2-DCD3083CB46B}
	EndGlobalSection
EndGlobal
