
Microsoft Visual Studio Solution File, Format Version 12.00
# Visual Studio Version 17
VisualStudioVersion = 17.10.35122.118
MinimumVisualStudioVersion = 10.0.40219.1
Project("{FAE04EC0-301F-11D3-BF4B-00C04F79EFBC}") = "Bera'sfesion", "Bera'sfesion\Bera'sfesion.csproj", "{B2FB29C2-47F0-410A-BE7C-64EF81B9B94E}"
EndProject
Global
	GlobalSection(SolutionConfigurationPlatforms) = preSolution
		Debug|Any CPU = Debug|Any CPU
		Release|Any CPU = Release|Any CPU
	EndGlobalSection
	GlobalSection(ProjectConfigurationPlatforms) = postSolution
		{B2FB29C2-47F0-410A-BE7C-64EF81B9B94E}.Debug|Any CPU.ActiveCfg = Debug|Any CPU
		{B2FB29C2-47F0-410A-BE7C-64EF81B9B94E}.Debug|Any CPU.Build.0 = Debug|Any CPU
		{B2FB29C2-47F0-410A-BE7C-64EF81B9B94E}.Release|Any CPU.ActiveCfg = Release|Any CPU
		{B2FB29C2-47F0-410A-BE7C-64EF81B9B94E}.Release|Any CPU.Build.0 = Release|Any CPU
	EndGlobalSection
	GlobalSection(SolutionProperties) = preSolution
		HideSolutionNode = FALSE
	EndGlobalSection
	GlobalSection(ExtensibilityGlobals) = postSolution
		SolutionGuid = {24C15C9B-DD74-4F4F-B858-781A6605074D}
	EndGlobalSection
EndGlobal
