
Microsoft Visual Studio Solution File, Format Version 12.00
# Visual Studio Version 16
VisualStudioVersion = 16.0.34601.136
MinimumVisualStudioVersion = 10.0.40219.1
Project("{FAE04EC0-301F-11D3-BF4B-00C04F79EFBC}") = "Submission", "Submission\Submission.csproj", "{AD392A35-DBC3-4823-9BAD-943EA9B1C762}"
EndProject
Global
	GlobalSection(SolutionConfigurationPlatforms) = preSolution
		Debug|Any CPU = Debug|Any CPU
		Release|Any CPU = Release|Any CPU
	EndGlobalSection
	GlobalSection(ProjectConfigurationPlatforms) = postSolution
		{AD392A35-DBC3-4823-9BAD-943EA9B1C762}.Debug|Any CPU.ActiveCfg = Debug|Any CPU
		{AD392A35-DBC3-4823-9BAD-943EA9B1C762}.Debug|Any CPU.Build.0 = Debug|Any CPU
		{AD392A35-DBC3-4823-9BAD-943EA9B1C762}.Release|Any CPU.ActiveCfg = Release|Any CPU
		{AD392A35-DBC3-4823-9BAD-943EA9B1C762}.Release|Any CPU.Build.0 = Release|Any CPU
	EndGlobalSection
	GlobalSection(SolutionProperties) = preSolution
		HideSolutionNode = FALSE
	EndGlobalSection
	GlobalSection(ExtensibilityGlobals) = postSolution
		SolutionGuid = {F434EBCA-AECF-47CC-80F9-AF3FD3636E7A}
	EndGlobalSection
EndGlobal
