
Microsoft Visual Studio Solution File, Format Version 12.00
# Visual Studio Version 16
VisualStudioVersion = 16.0.34407.143
MinimumVisualStudioVersion = 10.0.40219.1
Project("{FAE04EC0-301F-11D3-BF4B-00C04F79EFBC}") = "SoundsFishy", "SoundsFishy\SoundsFishy.csproj", "{046667FE-9C43-4083-AB15-B4E5C0D3F6D1}"
EndProject
Global
	GlobalSection(SolutionConfigurationPlatforms) = preSolution
		Debug|Any CPU = Debug|Any CPU
		Release|Any CPU = Release|Any CPU
	EndGlobalSection
	GlobalSection(ProjectConfigurationPlatforms) = postSolution
		{046667FE-9C43-4083-AB15-B4E5C0D3F6D1}.Debug|Any CPU.ActiveCfg = Debug|Any CPU
		{046667FE-9C43-4083-AB15-B4E5C0D3F6D1}.Debug|Any CPU.Build.0 = Debug|Any CPU
		{046667FE-9C43-4083-AB15-B4E5C0D3F6D1}.Release|Any CPU.ActiveCfg = Release|Any CPU
		{046667FE-9C43-4083-AB15-B4E5C0D3F6D1}.Release|Any CPU.Build.0 = Release|Any CPU
	EndGlobalSection
	GlobalSection(SolutionProperties) = preSolution
		HideSolutionNode = FALSE
	EndGlobalSection
	GlobalSection(ExtensibilityGlobals) = postSolution
		SolutionGuid = {509C8F86-35D9-40E8-BEC9-D70509E15A5F}
	EndGlobalSection
EndGlobal
