
Microsoft Visual Studio Solution File, Format Version 12.00
# Visual Studio Version 17
VisualStudioVersion = 17.10.35122.118
MinimumVisualStudioVersion = 10.0.40219.1
Project("{FAE04EC0-301F-11D3-BF4B-00C04F79EFBC}") = "ukje", "ukje\ukje.csproj", "{16A99269-6AF5-4F13-954B-70505333A92E}"
EndProject
Global
	GlobalSection(SolutionConfigurationPlatforms) = preSolution
		Debug|Any CPU = Debug|Any CPU
		Release|Any CPU = Release|Any CPU
	EndGlobalSection
	GlobalSection(ProjectConfigurationPlatforms) = postSolution
		{16A99269-6AF5-4F13-954B-70505333A92E}.Debug|Any CPU.ActiveCfg = Debug|Any CPU
		{16A99269-6AF5-4F13-954B-70505333A92E}.Debug|Any CPU.Build.0 = Debug|Any CPU
		{16A99269-6AF5-4F13-954B-70505333A92E}.Release|Any CPU.ActiveCfg = Release|Any CPU
		{16A99269-6AF5-4F13-954B-70505333A92E}.Release|Any CPU.Build.0 = Release|Any CPU
	EndGlobalSection
	GlobalSection(SolutionProperties) = preSolution
		HideSolutionNode = FALSE
	EndGlobalSection
	GlobalSection(ExtensibilityGlobals) = postSolution
		SolutionGuid = {BEF2807A-8200-413E-91E7-9C277BABC41F}
	EndGlobalSection
EndGlobal
