
Microsoft Visual Studio Solution File, Format Version 12.00
# Visual Studio Version 16
VisualStudioVersion = 16.0.33927.289
MinimumVisualStudioVersion = 10.0.40219.1
Project("{FAE04EC0-301F-11D3-BF4B-00C04F79EFBC}") = "Zero", "Zero\Zero.csproj", "{8CA6AB96-0354-4727-8876-FE3879005359}"
EndProject
Global
	GlobalSection(SolutionConfigurationPlatforms) = preSolution
		Debug|Any CPU = Debug|Any CPU
		Release|Any CPU = Release|Any CPU
	EndGlobalSection
	GlobalSection(ProjectConfigurationPlatforms) = postSolution
		{8CA6AB96-0354-4727-8876-FE3879005359}.Debug|Any CPU.ActiveCfg = Debug|Any CPU
		{8CA6AB96-0354-4727-8876-FE3879005359}.Debug|Any CPU.Build.0 = Debug|Any CPU
		{8CA6AB96-0354-4727-8876-FE3879005359}.Release|Any CPU.ActiveCfg = Release|Any CPU
		{8CA6AB96-0354-4727-8876-FE3879005359}.Release|Any CPU.Build.0 = Release|Any CPU
	EndGlobalSection
	GlobalSection(SolutionProperties) = preSolution
		HideSolutionNode = FALSE
	EndGlobalSection
	GlobalSection(ExtensibilityGlobals) = postSolution
		SolutionGuid = {C662512B-C659-4844-ACA1-6875C1CB3620}
	EndGlobalSection
EndGlobal
