
Microsoft Visual Studio Solution File, Format Version 12.00
# Visual Studio Version 16
VisualStudioVersion = 16.0.33927.289
MinimumVisualStudioVersion = 10.0.40219.1
Project("{FAE04EC0-301F-11D3-BF4B-00C04F79EFBC}") = "statistics", "statistics\statistics.csproj", "{51066173-F1A3-4A32-8339-C1B04B6F0D9D}"
EndProject
Global
	GlobalSection(SolutionConfigurationPlatforms) = preSolution
		Debug|Any CPU = Debug|Any CPU
		Release|Any CPU = Release|Any CPU
	EndGlobalSection
	GlobalSection(ProjectConfigurationPlatforms) = postSolution
		{51066173-F1A3-4A32-8339-C1B04B6F0D9D}.Debug|Any CPU.ActiveCfg = Debug|Any CPU
		{51066173-F1A3-4A32-8339-C1B04B6F0D9D}.Debug|Any CPU.Build.0 = Debug|Any CPU
		{51066173-F1A3-4A32-8339-C1B04B6F0D9D}.Release|Any CPU.ActiveCfg = Release|Any CPU
		{51066173-F1A3-4A32-8339-C1B04B6F0D9D}.Release|Any CPU.Build.0 = Release|Any CPU
	EndGlobalSection
	GlobalSection(SolutionProperties) = preSolution
		HideSolutionNode = FALSE
	EndGlobalSection
	GlobalSection(ExtensibilityGlobals) = postSolution
		SolutionGuid = {2F070C73-9596-455C-9439-9D159A0CB347}
	EndGlobalSection
EndGlobal
