
Microsoft Visual Studio Solution File, Format Version 12.00
# Visual Studio Version 16
VisualStudioVersion = 16.0.33927.289
MinimumVisualStudioVersion = 10.0.40219.1
Project("{FAE04EC0-301F-11D3-BF4B-00C04F79EFBC}") = "JustWrite", "JustWrite\JustWrite.csproj", "{CEB9DF7D-7792-49CF-AAC2-71100250A7EA}"
EndProject
Global
	GlobalSection(SolutionConfigurationPlatforms) = preSolution
		Debug|Any CPU = Debug|Any CPU
		Release|Any CPU = Release|Any CPU
	EndGlobalSection
	GlobalSection(ProjectConfigurationPlatforms) = postSolution
		{CEB9DF7D-7792-49CF-AAC2-71100250A7EA}.Debug|Any CPU.ActiveCfg = Debug|Any CPU
		{CEB9DF7D-7792-49CF-AAC2-71100250A7EA}.Debug|Any CPU.Build.0 = Debug|Any CPU
		{CEB9DF7D-7792-49CF-AAC2-71100250A7EA}.Release|Any CPU.ActiveCfg = Release|Any CPU
		{CEB9DF7D-7792-49CF-AAC2-71100250A7EA}.Release|Any CPU.Build.0 = Release|Any CPU
	EndGlobalSection
	GlobalSection(SolutionProperties) = preSolution
		HideSolutionNode = FALSE
	EndGlobalSection
	GlobalSection(ExtensibilityGlobals) = postSolution
		SolutionGuid = {D72B6DA6-62FD-4AAF-ACF0-1EF54F024C6E}
	EndGlobalSection
EndGlobal
