
Microsoft Visual Studio Solution File, Format Version 12.00
# Visual Studio Version 16
VisualStudioVersion = 16.0.33927.289
MinimumVisualStudioVersion = 10.0.40219.1
Project("{FAE04EC0-301F-11D3-BF4B-00C04F79EFBC}") = "SolvedAc", "SolvedAc\SolvedAc.csproj", "{EA91FB12-8417-4FD7-971A-1BBBE3849638}"
EndProject
Global
	GlobalSection(SolutionConfigurationPlatforms) = preSolution
		Debug|Any CPU = Debug|Any CPU
		Release|Any CPU = Release|Any CPU
	EndGlobalSection
	GlobalSection(ProjectConfigurationPlatforms) = postSolution
		{EA91FB12-8417-4FD7-971A-1BBBE3849638}.Debug|Any CPU.ActiveCfg = Debug|Any CPU
		{EA91FB12-8417-4FD7-971A-1BBBE3849638}.Debug|Any CPU.Build.0 = Debug|Any CPU
		{EA91FB12-8417-4FD7-971A-1BBBE3849638}.Release|Any CPU.ActiveCfg = Release|Any CPU
		{EA91FB12-8417-4FD7-971A-1BBBE3849638}.Release|Any CPU.Build.0 = Release|Any CPU
	EndGlobalSection
	GlobalSection(SolutionProperties) = preSolution
		HideSolutionNode = FALSE
	EndGlobalSection
	GlobalSection(ExtensibilityGlobals) = postSolution
		SolutionGuid = {83C7B1AF-ACA5-436A-B071-D41E31478BF3}
	EndGlobalSection
EndGlobal
