
Microsoft Visual Studio Solution File, Format Version 12.00
# Visual Studio Version 16
VisualStudioVersion = 16.0.34601.136
MinimumVisualStudioVersion = 10.0.40219.1
Project("{FAE04EC0-301F-11D3-BF4B-00C04F79EFBC}") = "TopSecret", "TopSecret\TopSecret.csproj", "{1EC18352-5370-4CD6-8796-99D671AAB04F}"
EndProject
Global
	GlobalSection(SolutionConfigurationPlatforms) = preSolution
		Debug|Any CPU = Debug|Any CPU
		Release|Any CPU = Release|Any CPU
	EndGlobalSection
	GlobalSection(ProjectConfigurationPlatforms) = postSolution
		{1EC18352-5370-4CD6-8796-99D671AAB04F}.Debug|Any CPU.ActiveCfg = Debug|Any CPU
		{1EC18352-5370-4CD6-8796-99D671AAB04F}.Debug|Any CPU.Build.0 = Debug|Any CPU
		{1EC18352-5370-4CD6-8796-99D671AAB04F}.Release|Any CPU.ActiveCfg = Release|Any CPU
		{1EC18352-5370-4CD6-8796-99D671AAB04F}.Release|Any CPU.Build.0 = Release|Any CPU
	EndGlobalSection
	GlobalSection(SolutionProperties) = preSolution
		HideSolutionNode = FALSE
	EndGlobalSection
	GlobalSection(ExtensibilityGlobals) = postSolution
		SolutionGuid = {96644B63-B252-436B-AA3A-8A2D3FB5C9C1}
	EndGlobalSection
EndGlobal
