
Microsoft Visual Studio Solution File, Format Version 12.00
# Visual Studio Version 16
VisualStudioVersion = 16.0.34407.143
MinimumVisualStudioVersion = 10.0.40219.1
Project("{FAE04EC0-301F-11D3-BF4B-00C04F79EFBC}") = "PackTorial", "PackTorial\PackTorial.csproj", "{F5F33F41-A765-4111-98E4-88BB804618FE}"
EndProject
Global
	GlobalSection(SolutionConfigurationPlatforms) = preSolution
		Debug|Any CPU = Debug|Any CPU
		Release|Any CPU = Release|Any CPU
	EndGlobalSection
	GlobalSection(ProjectConfigurationPlatforms) = postSolution
		{F5F33F41-A765-4111-98E4-88BB804618FE}.Debug|Any CPU.ActiveCfg = Debug|Any CPU
		{F5F33F41-A765-4111-98E4-88BB804618FE}.Debug|Any CPU.Build.0 = Debug|Any CPU
		{F5F33F41-A765-4111-98E4-88BB804618FE}.Release|Any CPU.ActiveCfg = Release|Any CPU
		{F5F33F41-A765-4111-98E4-88BB804618FE}.Release|Any CPU.Build.0 = Release|Any CPU
	EndGlobalSection
	GlobalSection(SolutionProperties) = preSolution
		HideSolutionNode = FALSE
	EndGlobalSection
	GlobalSection(ExtensibilityGlobals) = postSolution
		SolutionGuid = {B090DE28-78A9-4407-85C6-A864AAA889B1}
	EndGlobalSection
EndGlobal
