
Microsoft Visual Studio Solution File, Format Version 12.00
# Visual Studio Version 16
VisualStudioVersion = 16.0.33927.289
MinimumVisualStudioVersion = 10.0.40219.1
Project("{FAE04EC0-301F-11D3-BF4B-00C04F79EFBC}") = "SugerDelivery", "SugerDelivery\SugerDelivery.csproj", "{9DB66EBA-85B2-466F-B696-E4A27E626AA1}"
EndProject
Global
	GlobalSection(SolutionConfigurationPlatforms) = preSolution
		Debug|Any CPU = Debug|Any CPU
		Release|Any CPU = Release|Any CPU
	EndGlobalSection
	GlobalSection(ProjectConfigurationPlatforms) = postSolution
		{9DB66EBA-85B2-466F-B696-E4A27E626AA1}.Debug|Any CPU.ActiveCfg = Debug|Any CPU
		{9DB66EBA-85B2-466F-B696-E4A27E626AA1}.Debug|Any CPU.Build.0 = Debug|Any CPU
		{9DB66EBA-85B2-466F-B696-E4A27E626AA1}.Release|Any CPU.ActiveCfg = Release|Any CPU
		{9DB66EBA-85B2-466F-B696-E4A27E626AA1}.Release|Any CPU.Build.0 = Release|Any CPU
	EndGlobalSection
	GlobalSection(SolutionProperties) = preSolution
		HideSolutionNode = FALSE
	EndGlobalSection
	GlobalSection(ExtensibilityGlobals) = postSolution
		SolutionGuid = {97A5D2C9-CF8D-4424-8BBB-840E53D3AA16}
	EndGlobalSection
EndGlobal
