
Microsoft Visual Studio Solution File, Format Version 12.00
# Visual Studio Version 17
VisualStudioVersion = 17.10.35122.118
MinimumVisualStudioVersion = 10.0.40219.1
Project("{FAE04EC0-301F-11D3-BF4B-00C04F79EFBC}") = "DogTreats", "DogTreats\DogTreats.csproj", "{66158131-7F19-4E76-A568-0AAA86225051}"
EndProject
Global
	GlobalSection(SolutionConfigurationPlatforms) = preSolution
		Debug|Any CPU = Debug|Any CPU
		Release|Any CPU = Release|Any CPU
	EndGlobalSection
	GlobalSection(ProjectConfigurationPlatforms) = postSolution
		{66158131-7F19-4E76-A568-0AAA86225051}.Debug|Any CPU.ActiveCfg = Debug|Any CPU
		{66158131-7F19-4E76-A568-0AAA86225051}.Debug|Any CPU.Build.0 = Debug|Any CPU
		{66158131-7F19-4E76-A568-0AAA86225051}.Release|Any CPU.ActiveCfg = Release|Any CPU
		{66158131-7F19-4E76-A568-0AAA86225051}.Release|Any CPU.Build.0 = Release|Any CPU
	EndGlobalSection
	GlobalSection(SolutionProperties) = preSolution
		HideSolutionNode = FALSE
	EndGlobalSection
	GlobalSection(ExtensibilityGlobals) = postSolution
		SolutionGuid = {411A5441-BC28-44C7-B3C8-6129A086E69D}
	EndGlobalSection
EndGlobal
